
Microsoft Visual Studio Solution File, Format Version 12.00
# Visual Studio 2013
VisualStudioVersion = 12.0.21005.1
MinimumVisualStudioVersion = 10.0.40219.1
Project("{262852C6-CD72-467D-83FE-5EEB1973A190}") = "GridApp", "GridApp\GridApp.jsproj", "{1978BC23-C713-4388-AECD-C910E73E67A6}"
EndProject
Project("{262852C6-CD72-467D-83FE-5EEB1973A190}") = "SplitApp", "..\SplitApp\SplitApp.jsproj", "{50DBAC46-7B1F-44FA-85C8-479C00FE8640}"
EndProject
Project("{262852C6-CD72-467D-83FE-5EEB1973A190}") = "HubApp", "HubApp\HubApp.jsproj", "{3923DABE-31FB-4C4F-B031-BCDA9DA7A3C9}"
EndProject
Project("{262852C6-CD72-467D-83FE-5EEB1973A190}") = "NavigationApp", "NavigationApp\NavigationApp.jsproj", "{D309CC6F-73A5-497B-A327-C66CBC0DCD34}"
EndProject
Project("{262852C6-CD72-467D-83FE-5EEB1973A190}") = "Example-JQuery", "Example-JQuery\Example-JQuery.jsproj", "{DCE0798D-5A1A-4A5A-8929-2D82F135A1A2}"
EndProject
Project("{262852C6-CD72-467D-83FE-5EEB1973A190}") = "Example-AngularJs", "Example-AngularJs\Example-AngularJs.jsproj", "{E5E2235E-36F4-4B3C-BD3F-2014AE5F7BB6}"
EndProject
Project("{FAE04EC0-301F-11D3-BF4B-00C04F79EFBC}") = "Example-ClassLibrary", "Example-ClassLibrary\Example-ClassLibrary.csproj", "{0C256D77-45D2-4EAD-BD28-934534075F7E}"
EndProject
Project("{262852C6-CD72-467D-83FE-5EEB1973A190}") = "Example-BackboneJS", "Example-BackboneJS\Example-BackboneJS.jsproj", "{F0B1DDEB-8353-4310-98E3-5AC21F42DB64}"
EndProject
Project("{262852C6-CD72-467D-83FE-5EEB1973A190}") = "BlankApp", "BlankApp\BlankApp.jsproj", "{DAC3C997-7048-4874-BC20-BEF5A339089A}"
EndProject
Project("{262852C6-CD72-467D-83FE-5EEB1973A190}") = "EventsLogger", "EventsLogger\EventsLogger.jsproj", "{0E99C1D1-7589-4925-AC61-E0B01E625705}"
EndProject
Global
	GlobalSection(SolutionConfigurationPlatforms) = preSolution
		Debug|Any CPU = Debug|Any CPU
		Debug|ARM = Debug|ARM
		Debug|x64 = Debug|x64
		Debug|x86 = Debug|x86
		Release|Any CPU = Release|Any CPU
		Release|ARM = Release|ARM
		Release|x64 = Release|x64
		Release|x86 = Release|x86
	EndGlobalSection
	GlobalSection(ProjectConfigurationPlatforms) = postSolution
		{1978BC23-C713-4388-AECD-C910E73E67A6}.Debug|Any CPU.ActiveCfg = Debug|Any CPU
		{1978BC23-C713-4388-AECD-C910E73E67A6}.Debug|Any CPU.Build.0 = Debug|Any CPU
		{1978BC23-C713-4388-AECD-C910E73E67A6}.Debug|Any CPU.Deploy.0 = Debug|Any CPU
		{1978BC23-C713-4388-AECD-C910E73E67A6}.Debug|ARM.ActiveCfg = Debug|ARM
		{1978BC23-C713-4388-AECD-C910E73E67A6}.Debug|ARM.Build.0 = Debug|ARM
		{1978BC23-C713-4388-AECD-C910E73E67A6}.Debug|ARM.Deploy.0 = Debug|ARM
		{1978BC23-C713-4388-AECD-C910E73E67A6}.Debug|x64.ActiveCfg = Debug|x64
		{1978BC23-C713-4388-AECD-C910E73E67A6}.Debug|x64.Build.0 = Debug|x64
		{1978BC23-C713-4388-AECD-C910E73E67A6}.Debug|x64.Deploy.0 = Debug|x64
		{1978BC23-C713-4388-AECD-C910E73E67A6}.Debug|x86.ActiveCfg = Debug|x86
		{1978BC23-C713-4388-AECD-C910E73E67A6}.Debug|x86.Build.0 = Debug|x86
		{1978BC23-C713-4388-AECD-C910E73E67A6}.Debug|x86.Deploy.0 = Debug|x86
		{1978BC23-C713-4388-AECD-C910E73E67A6}.Release|Any CPU.ActiveCfg = Release|Any CPU
		{1978BC23-C713-4388-AECD-C910E73E67A6}.Release|Any CPU.Build.0 = Release|Any CPU
		{1978BC23-C713-4388-AECD-C910E73E67A6}.Release|Any CPU.Deploy.0 = Release|Any CPU
		{1978BC23-C713-4388-AECD-C910E73E67A6}.Release|ARM.ActiveCfg = Release|ARM
		{1978BC23-C713-4388-AECD-C910E73E67A6}.Release|ARM.Build.0 = Release|ARM
		{1978BC23-C713-4388-AECD-C910E73E67A6}.Release|ARM.Deploy.0 = Release|ARM
		{1978BC23-C713-4388-AECD-C910E73E67A6}.Release|x64.ActiveCfg = Release|x64
		{1978BC23-C713-4388-AECD-C910E73E67A6}.Release|x64.Build.0 = Release|x64
		{1978BC23-C713-4388-AECD-C910E73E67A6}.Release|x64.Deploy.0 = Release|x64
		{1978BC23-C713-4388-AECD-C910E73E67A6}.Release|x86.ActiveCfg = Release|x86
		{1978BC23-C713-4388-AECD-C910E73E67A6}.Release|x86.Build.0 = Release|x86
		{1978BC23-C713-4388-AECD-C910E73E67A6}.Release|x86.Deploy.0 = Release|x86
		{50DBAC46-7B1F-44FA-85C8-479C00FE8640}.Debug|Any CPU.ActiveCfg = Debug|Any CPU
		{50DBAC46-7B1F-44FA-85C8-479C00FE8640}.Debug|Any CPU.Build.0 = Debug|Any CPU
		{50DBAC46-7B1F-44FA-85C8-479C00FE8640}.Debug|Any CPU.Deploy.0 = Debug|Any CPU
		{50DBAC46-7B1F-44FA-85C8-479C00FE8640}.Debug|ARM.ActiveCfg = Debug|ARM
		{50DBAC46-7B1F-44FA-85C8-479C00FE8640}.Debug|ARM.Build.0 = Debug|ARM
		{50DBAC46-7B1F-44FA-85C8-479C00FE8640}.Debug|ARM.Deploy.0 = Debug|ARM
		{50DBAC46-7B1F-44FA-85C8-479C00FE8640}.Debug|x64.ActiveCfg = Debug|x64
		{50DBAC46-7B1F-44FA-85C8-479C00FE8640}.Debug|x64.Build.0 = Debug|x64
		{50DBAC46-7B1F-44FA-85C8-479C00FE8640}.Debug|x64.Deploy.0 = Debug|x64
		{50DBAC46-7B1F-44FA-85C8-479C00FE8640}.Debug|x86.ActiveCfg = Debug|x86
		{50DBAC46-7B1F-44FA-85C8-479C00FE8640}.Debug|x86.Build.0 = Debug|x86
		{50DBAC46-7B1F-44FA-85C8-479C00FE8640}.Debug|x86.Deploy.0 = Debug|x86
		{50DBAC46-7B1F-44FA-85C8-479C00FE8640}.Release|Any CPU.ActiveCfg = Release|Any CPU
		{50DBAC46-7B1F-44FA-85C8-479C00FE8640}.Release|Any CPU.Build.0 = Release|Any CPU
		{50DBAC46-7B1F-44FA-85C8-479C00FE8640}.Release|Any CPU.Deploy.0 = Release|Any CPU
		{50DBAC46-7B1F-44FA-85C8-479C00FE8640}.Release|ARM.ActiveCfg = Release|ARM
		{50DBAC46-7B1F-44FA-85C8-479C00FE8640}.Release|ARM.Build.0 = Release|ARM
		{50DBAC46-7B1F-44FA-85C8-479C00FE8640}.Release|ARM.Deploy.0 = Release|ARM
		{50DBAC46-7B1F-44FA-85C8-479C00FE8640}.Release|x64.ActiveCfg = Release|x64
		{50DBAC46-7B1F-44FA-85C8-479C00FE8640}.Release|x64.Build.0 = Release|x64
		{50DBAC46-7B1F-44FA-85C8-479C00FE8640}.Release|x64.Deploy.0 = Release|x64
		{50DBAC46-7B1F-44FA-85C8-479C00FE8640}.Release|x86.ActiveCfg = Release|x86
		{50DBAC46-7B1F-44FA-85C8-479C00FE8640}.Release|x86.Build.0 = Release|x86
		{50DBAC46-7B1F-44FA-85C8-479C00FE8640}.Release|x86.Deploy.0 = Release|x86
		{3923DABE-31FB-4C4F-B031-BCDA9DA7A3C9}.Debug|Any CPU.ActiveCfg = Debug|Any CPU
		{3923DABE-31FB-4C4F-B031-BCDA9DA7A3C9}.Debug|Any CPU.Build.0 = Debug|Any CPU
		{3923DABE-31FB-4C4F-B031-BCDA9DA7A3C9}.Debug|Any CPU.Deploy.0 = Debug|Any CPU
		{3923DABE-31FB-4C4F-B031-BCDA9DA7A3C9}.Debug|ARM.ActiveCfg = Debug|ARM
		{3923DABE-31FB-4C4F-B031-BCDA9DA7A3C9}.Debug|ARM.Build.0 = Debug|ARM
		{3923DABE-31FB-4C4F-B031-BCDA9DA7A3C9}.Debug|ARM.Deploy.0 = Debug|ARM
		{3923DABE-31FB-4C4F-B031-BCDA9DA7A3C9}.Debug|x64.ActiveCfg = Debug|x64
		{3923DABE-31FB-4C4F-B031-BCDA9DA7A3C9}.Debug|x64.Build.0 = Debug|x64
		{3923DABE-31FB-4C4F-B031-BCDA9DA7A3C9}.Debug|x64.Deploy.0 = Debug|x64
		{3923DABE-31FB-4C4F-B031-BCDA9DA7A3C9}.Debug|x86.ActiveCfg = Debug|x86
		{3923DABE-31FB-4C4F-B031-BCDA9DA7A3C9}.Debug|x86.Build.0 = Debug|x86
		{3923DABE-31FB-4C4F-B031-BCDA9DA7A3C9}.Debug|x86.Deploy.0 = Debug|x86
		{3923DABE-31FB-4C4F-B031-BCDA9DA7A3C9}.Release|Any CPU.ActiveCfg = Release|Any CPU
		{3923DABE-31FB-4C4F-B031-BCDA9DA7A3C9}.Release|Any CPU.Build.0 = Release|Any CPU
		{3923DABE-31FB-4C4F-B031-BCDA9DA7A3C9}.Release|Any CPU.Deploy.0 = Release|Any CPU
		{3923DABE-31FB-4C4F-B031-BCDA9DA7A3C9}.Release|ARM.ActiveCfg = Release|ARM
		{3923DABE-31FB-4C4F-B031-BCDA9DA7A3C9}.Release|ARM.Build.0 = Release|ARM
		{3923DABE-31FB-4C4F-B031-BCDA9DA7A3C9}.Release|ARM.Deploy.0 = Release|ARM
		{3923DABE-31FB-4C4F-B031-BCDA9DA7A3C9}.Release|x64.ActiveCfg = Release|x64
		{3923DABE-31FB-4C4F-B031-BCDA9DA7A3C9}.Release|x64.Build.0 = Release|x64
		{3923DABE-31FB-4C4F-B031-BCDA9DA7A3C9}.Release|x64.Deploy.0 = Release|x64
		{3923DABE-31FB-4C4F-B031-BCDA9DA7A3C9}.Release|x86.ActiveCfg = Release|x86
		{3923DABE-31FB-4C4F-B031-BCDA9DA7A3C9}.Release|x86.Build.0 = Release|x86
		{3923DABE-31FB-4C4F-B031-BCDA9DA7A3C9}.Release|x86.Deploy.0 = Release|x86
		{D309CC6F-73A5-497B-A327-C66CBC0DCD34}.Debug|Any CPU.ActiveCfg = Debug|Any CPU
		{D309CC6F-73A5-497B-A327-C66CBC0DCD34}.Debug|Any CPU.Build.0 = Debug|Any CPU
		{D309CC6F-73A5-497B-A327-C66CBC0DCD34}.Debug|Any CPU.Deploy.0 = Debug|Any CPU
		{D309CC6F-73A5-497B-A327-C66CBC0DCD34}.Debug|ARM.ActiveCfg = Debug|ARM
		{D309CC6F-73A5-497B-A327-C66CBC0DCD34}.Debug|ARM.Build.0 = Debug|ARM
		{D309CC6F-73A5-497B-A327-C66CBC0DCD34}.Debug|ARM.Deploy.0 = Debug|ARM
		{D309CC6F-73A5-497B-A327-C66CBC0DCD34}.Debug|x64.ActiveCfg = Debug|x64
		{D309CC6F-73A5-497B-A327-C66CBC0DCD34}.Debug|x64.Build.0 = Debug|x64
		{D309CC6F-73A5-497B-A327-C66CBC0DCD34}.Debug|x64.Deploy.0 = Debug|x64
		{D309CC6F-73A5-497B-A327-C66CBC0DCD34}.Debug|x86.ActiveCfg = Debug|x86
		{D309CC6F-73A5-497B-A327-C66CBC0DCD34}.Debug|x86.Build.0 = Debug|x86
		{D309CC6F-73A5-497B-A327-C66CBC0DCD34}.Debug|x86.Deploy.0 = Debug|x86
		{D309CC6F-73A5-497B-A327-C66CBC0DCD34}.Release|Any CPU.ActiveCfg = Release|Any CPU
		{D309CC6F-73A5-497B-A327-C66CBC0DCD34}.Release|Any CPU.Build.0 = Release|Any CPU
		{D309CC6F-73A5-497B-A327-C66CBC0DCD34}.Release|Any CPU.Deploy.0 = Release|Any CPU
		{D309CC6F-73A5-497B-A327-C66CBC0DCD34}.Release|ARM.ActiveCfg = Release|ARM
		{D309CC6F-73A5-497B-A327-C66CBC0DCD34}.Release|ARM.Build.0 = Release|ARM
		{D309CC6F-73A5-497B-A327-C66CBC0DCD34}.Release|ARM.Deploy.0 = Release|ARM
		{D309CC6F-73A5-497B-A327-C66CBC0DCD34}.Release|x64.ActiveCfg = Release|x64
		{D309CC6F-73A5-497B-A327-C66CBC0DCD34}.Release|x64.Build.0 = Release|x64
		{D309CC6F-73A5-497B-A327-C66CBC0DCD34}.Release|x64.Deploy.0 = Release|x64
		{D309CC6F-73A5-497B-A327-C66CBC0DCD34}.Release|x86.ActiveCfg = Release|x86
		{D309CC6F-73A5-497B-A327-C66CBC0DCD34}.Release|x86.Build.0 = Release|x86
		{D309CC6F-73A5-497B-A327-C66CBC0DCD34}.Release|x86.Deploy.0 = Release|x86
		{DCE0798D-5A1A-4A5A-8929-2D82F135A1A2}.Debug|Any CPU.ActiveCfg = Debug|Any CPU
		{DCE0798D-5A1A-4A5A-8929-2D82F135A1A2}.Debug|Any CPU.Build.0 = Debug|Any CPU
		{DCE0798D-5A1A-4A5A-8929-2D82F135A1A2}.Debug|Any CPU.Deploy.0 = Debug|Any CPU
		{DCE0798D-5A1A-4A5A-8929-2D82F135A1A2}.Debug|ARM.ActiveCfg = Debug|ARM
		{DCE0798D-5A1A-4A5A-8929-2D82F135A1A2}.Debug|ARM.Build.0 = Debug|ARM
		{DCE0798D-5A1A-4A5A-8929-2D82F135A1A2}.Debug|ARM.Deploy.0 = Debug|ARM
		{DCE0798D-5A1A-4A5A-8929-2D82F135A1A2}.Debug|x64.ActiveCfg = Debug|x64
		{DCE0798D-5A1A-4A5A-8929-2D82F135A1A2}.Debug|x64.Build.0 = Debug|x64
		{DCE0798D-5A1A-4A5A-8929-2D82F135A1A2}.Debug|x64.Deploy.0 = Debug|x64
		{DCE0798D-5A1A-4A5A-8929-2D82F135A1A2}.Debug|x86.ActiveCfg = Debug|x86
		{DCE0798D-5A1A-4A5A-8929-2D82F135A1A2}.Debug|x86.Build.0 = Debug|x86
		{DCE0798D-5A1A-4A5A-8929-2D82F135A1A2}.Debug|x86.Deploy.0 = Debug|x86
		{DCE0798D-5A1A-4A5A-8929-2D82F135A1A2}.Release|Any CPU.ActiveCfg = Release|Any CPU
		{DCE0798D-5A1A-4A5A-8929-2D82F135A1A2}.Release|Any CPU.Build.0 = Release|Any CPU
		{DCE0798D-5A1A-4A5A-8929-2D82F135A1A2}.Release|Any CPU.Deploy.0 = Release|Any CPU
		{DCE0798D-5A1A-4A5A-8929-2D82F135A1A2}.Release|ARM.ActiveCfg = Release|ARM
		{DCE0798D-5A1A-4A5A-8929-2D82F135A1A2}.Release|ARM.Build.0 = Release|ARM
		{DCE0798D-5A1A-4A5A-8929-2D82F135A1A2}.Release|ARM.Deploy.0 = Release|ARM
		{DCE0798D-5A1A-4A5A-8929-2D82F135A1A2}.Release|x64.ActiveCfg = Release|x64
		{DCE0798D-5A1A-4A5A-8929-2D82F135A1A2}.Release|x64.Build.0 = Release|x64
		{DCE0798D-5A1A-4A5A-8929-2D82F135A1A2}.Release|x64.Deploy.0 = Release|x64
		{DCE0798D-5A1A-4A5A-8929-2D82F135A1A2}.Release|x86.ActiveCfg = Release|x86
		{DCE0798D-5A1A-4A5A-8929-2D82F135A1A2}.Release|x86.Build.0 = Release|x86
		{DCE0798D-5A1A-4A5A-8929-2D82F135A1A2}.Release|x86.Deploy.0 = Release|x86
		{E5E2235E-36F4-4B3C-BD3F-2014AE5F7BB6}.Debug|Any CPU.ActiveCfg = Debug|Any CPU
		{E5E2235E-36F4-4B3C-BD3F-2014AE5F7BB6}.Debug|Any CPU.Build.0 = Debug|Any CPU
		{E5E2235E-36F4-4B3C-BD3F-2014AE5F7BB6}.Debug|Any CPU.Deploy.0 = Debug|Any CPU
		{E5E2235E-36F4-4B3C-BD3F-2014AE5F7BB6}.Debug|ARM.ActiveCfg = Debug|ARM
		{E5E2235E-36F4-4B3C-BD3F-2014AE5F7BB6}.Debug|ARM.Build.0 = Debug|ARM
		{E5E2235E-36F4-4B3C-BD3F-2014AE5F7BB6}.Debug|ARM.Deploy.0 = Debug|ARM
		{E5E2235E-36F4-4B3C-BD3F-2014AE5F7BB6}.Debug|x64.ActiveCfg = Debug|x64
		{E5E2235E-36F4-4B3C-BD3F-2014AE5F7BB6}.Debug|x64.Build.0 = Debug|x64
		{E5E2235E-36F4-4B3C-BD3F-2014AE5F7BB6}.Debug|x64.Deploy.0 = Debug|x64
		{E5E2235E-36F4-4B3C-BD3F-2014AE5F7BB6}.Debug|x86.ActiveCfg = Debug|x86
		{E5E2235E-36F4-4B3C-BD3F-2014AE5F7BB6}.Debug|x86.Build.0 = Debug|x86
		{E5E2235E-36F4-4B3C-BD3F-2014AE5F7BB6}.Debug|x86.Deploy.0 = Debug|x86
		{E5E2235E-36F4-4B3C-BD3F-2014AE5F7BB6}.Release|Any CPU.ActiveCfg = Release|Any CPU
		{E5E2235E-36F4-4B3C-BD3F-2014AE5F7BB6}.Release|Any CPU.Build.0 = Release|Any CPU
		{E5E2235E-36F4-4B3C-BD3F-2014AE5F7BB6}.Release|Any CPU.Deploy.0 = Release|Any CPU
		{E5E2235E-36F4-4B3C-BD3F-2014AE5F7BB6}.Release|ARM.ActiveCfg = Release|ARM
		{E5E2235E-36F4-4B3C-BD3F-2014AE5F7BB6}.Release|ARM.Build.0 = Release|ARM
		{E5E2235E-36F4-4B3C-BD3F-2014AE5F7BB6}.Release|ARM.Deploy.0 = Release|ARM
		{E5E2235E-36F4-4B3C-BD3F-2014AE5F7BB6}.Release|x64.ActiveCfg = Release|x64
		{E5E2235E-36F4-4B3C-BD3F-2014AE5F7BB6}.Release|x64.Build.0 = Release|x64
		{E5E2235E-36F4-4B3C-BD3F-2014AE5F7BB6}.Release|x64.Deploy.0 = Release|x64
		{E5E2235E-36F4-4B3C-BD3F-2014AE5F7BB6}.Release|x86.ActiveCfg = Release|x86
		{E5E2235E-36F4-4B3C-BD3F-2014AE5F7BB6}.Release|x86.Build.0 = Release|x86
		{E5E2235E-36F4-4B3C-BD3F-2014AE5F7BB6}.Release|x86.Deploy.0 = Release|x86
		{0C256D77-45D2-4EAD-BD28-934534075F7E}.Debug|Any CPU.ActiveCfg = Debug|Any CPU
		{0C256D77-45D2-4EAD-BD28-934534075F7E}.Debug|Any CPU.Build.0 = Debug|Any CPU
		{0C256D77-45D2-4EAD-BD28-934534075F7E}.Debug|ARM.ActiveCfg = Debug|ARM
		{0C256D77-45D2-4EAD-BD28-934534075F7E}.Debug|ARM.Build.0 = Debug|ARM
		{0C256D77-45D2-4EAD-BD28-934534075F7E}.Debug|x64.ActiveCfg = Debug|x64
		{0C256D77-45D2-4EAD-BD28-934534075F7E}.Debug|x64.Build.0 = Debug|x64
		{0C256D77-45D2-4EAD-BD28-934534075F7E}.Debug|x86.ActiveCfg = Debug|x86
		{0C256D77-45D2-4EAD-BD28-934534075F7E}.Debug|x86.Build.0 = Debug|x86
		{0C256D77-45D2-4EAD-BD28-934534075F7E}.Release|Any CPU.ActiveCfg = Release|Any CPU
		{0C256D77-45D2-4EAD-BD28-934534075F7E}.Release|Any CPU.Build.0 = Release|Any CPU
		{0C256D77-45D2-4EAD-BD28-934534075F7E}.Release|ARM.ActiveCfg = Release|ARM
		{0C256D77-45D2-4EAD-BD28-934534075F7E}.Release|ARM.Build.0 = Release|ARM
		{0C256D77-45D2-4EAD-BD28-934534075F7E}.Release|x64.ActiveCfg = Release|x64
		{0C256D77-45D2-4EAD-BD28-934534075F7E}.Release|x64.Build.0 = Release|x64
		{0C256D77-45D2-4EAD-BD28-934534075F7E}.Release|x86.ActiveCfg = Release|x86
		{0C256D77-45D2-4EAD-BD28-934534075F7E}.Release|x86.Build.0 = Release|x86
		{F0B1DDEB-8353-4310-98E3-5AC21F42DB64}.Debug|Any CPU.ActiveCfg = Debug|Any CPU
		{F0B1DDEB-8353-4310-98E3-5AC21F42DB64}.Debug|Any CPU.Build.0 = Debug|Any CPU
		{F0B1DDEB-8353-4310-98E3-5AC21F42DB64}.Debug|Any CPU.Deploy.0 = Debug|Any CPU
		{F0B1DDEB-8353-4310-98E3-5AC21F42DB64}.Debug|ARM.ActiveCfg = Debug|ARM
		{F0B1DDEB-8353-4310-98E3-5AC21F42DB64}.Debug|ARM.Build.0 = Debug|ARM
		{F0B1DDEB-8353-4310-98E3-5AC21F42DB64}.Debug|ARM.Deploy.0 = Debug|ARM
		{F0B1DDEB-8353-4310-98E3-5AC21F42DB64}.Debug|x64.ActiveCfg = Debug|x64
		{F0B1DDEB-8353-4310-98E3-5AC21F42DB64}.Debug|x64.Build.0 = Debug|x64
		{F0B1DDEB-8353-4310-98E3-5AC21F42DB64}.Debug|x64.Deploy.0 = Debug|x64
		{F0B1DDEB-8353-4310-98E3-5AC21F42DB64}.Debug|x86.ActiveCfg = Debug|x86
		{F0B1DDEB-8353-4310-98E3-5AC21F42DB64}.Debug|x86.Build.0 = Debug|x86
		{F0B1DDEB-8353-4310-98E3-5AC21F42DB64}.Debug|x86.Deploy.0 = Debug|x86
		{F0B1DDEB-8353-4310-98E3-5AC21F42DB64}.Release|Any CPU.ActiveCfg = Release|Any CPU
		{F0B1DDEB-8353-4310-98E3-5AC21F42DB64}.Release|Any CPU.Build.0 = Release|Any CPU
		{F0B1DDEB-8353-4310-98E3-5AC21F42DB64}.Release|Any CPU.Deploy.0 = Release|Any CPU
		{F0B1DDEB-8353-4310-98E3-5AC21F42DB64}.Release|ARM.ActiveCfg = Release|ARM
		{F0B1DDEB-8353-4310-98E3-5AC21F42DB64}.Release|ARM.Build.0 = Release|ARM
		{F0B1DDEB-8353-4310-98E3-5AC21F42DB64}.Release|ARM.Deploy.0 = Release|ARM
		{F0B1DDEB-8353-4310-98E3-5AC21F42DB64}.Release|x64.ActiveCfg = Release|x64
		{F0B1DDEB-8353-4310-98E3-5AC21F42DB64}.Release|x64.Build.0 = Release|x64
		{F0B1DDEB-8353-4310-98E3-5AC21F42DB64}.Release|x64.Deploy.0 = Release|x64
		{F0B1DDEB-8353-4310-98E3-5AC21F42DB64}.Release|x86.ActiveCfg = Release|x86
		{F0B1DDEB-8353-4310-98E3-5AC21F42DB64}.Release|x86.Build.0 = Release|x86
		{F0B1DDEB-8353-4310-98E3-5AC21F42DB64}.Release|x86.Deploy.0 = Release|x86
		{DAC3C997-7048-4874-BC20-BEF5A339089A}.Debug|Any CPU.ActiveCfg = Debug|Any CPU
		{DAC3C997-7048-4874-BC20-BEF5A339089A}.Debug|Any CPU.Build.0 = Debug|Any CPU
		{DAC3C997-7048-4874-BC20-BEF5A339089A}.Debug|Any CPU.Deploy.0 = Debug|Any CPU
		{DAC3C997-7048-4874-BC20-BEF5A339089A}.Debug|ARM.ActiveCfg = Debug|ARM
		{DAC3C997-7048-4874-BC20-BEF5A339089A}.Debug|ARM.Build.0 = Debug|ARM
		{DAC3C997-7048-4874-BC20-BEF5A339089A}.Debug|ARM.Deploy.0 = Debug|ARM
		{DAC3C997-7048-4874-BC20-BEF5A339089A}.Debug|x64.ActiveCfg = Debug|x64
		{DAC3C997-7048-4874-BC20-BEF5A339089A}.Debug|x64.Build.0 = Debug|x64
		{DAC3C997-7048-4874-BC20-BEF5A339089A}.Debug|x64.Deploy.0 = Debug|x64
		{DAC3C997-7048-4874-BC20-BEF5A339089A}.Debug|x86.ActiveCfg = Debug|x86
		{DAC3C997-7048-4874-BC20-BEF5A339089A}.Debug|x86.Build.0 = Debug|x86
		{DAC3C997-7048-4874-BC20-BEF5A339089A}.Debug|x86.Deploy.0 = Debug|x86
		{DAC3C997-7048-4874-BC20-BEF5A339089A}.Release|Any CPU.ActiveCfg = Release|Any CPU
		{DAC3C997-7048-4874-BC20-BEF5A339089A}.Release|Any CPU.Build.0 = Release|Any CPU
		{DAC3C997-7048-4874-BC20-BEF5A339089A}.Release|Any CPU.Deploy.0 = Release|Any CPU
		{DAC3C997-7048-4874-BC20-BEF5A339089A}.Release|ARM.ActiveCfg = Release|ARM
		{DAC3C997-7048-4874-BC20-BEF5A339089A}.Release|ARM.Build.0 = Release|ARM
		{DAC3C997-7048-4874-BC20-BEF5A339089A}.Release|ARM.Deploy.0 = Release|ARM
		{DAC3C997-7048-4874-BC20-BEF5A339089A}.Release|x64.ActiveCfg = Release|x64
		{DAC3C997-7048-4874-BC20-BEF5A339089A}.Release|x64.Build.0 = Release|x64
		{DAC3C997-7048-4874-BC20-BEF5A339089A}.Release|x64.Deploy.0 = Release|x64
		{DAC3C997-7048-4874-BC20-BEF5A339089A}.Release|x86.ActiveCfg = Release|x86
		{DAC3C997-7048-4874-BC20-BEF5A339089A}.Release|x86.Build.0 = Release|x86
		{DAC3C997-7048-4874-BC20-BEF5A339089A}.Release|x86.Deploy.0 = Release|x86
		{0E99C1D1-7589-4925-AC61-E0B01E625705}.Debug|Any CPU.ActiveCfg = Debug|Any CPU
		{0E99C1D1-7589-4925-AC61-E0B01E625705}.Debug|Any CPU.Build.0 = Debug|Any CPU
		{0E99C1D1-7589-4925-AC61-E0B01E625705}.Debug|Any CPU.Deploy.0 = Debug|Any CPU
		{0E99C1D1-7589-4925-AC61-E0B01E625705}.Debug|ARM.ActiveCfg = Debug|ARM
		{0E99C1D1-7589-4925-AC61-E0B01E625705}.Debug|ARM.Build.0 = Debug|ARM
		{0E99C1D1-7589-4925-AC61-E0B01E625705}.Debug|ARM.Deploy.0 = Debug|ARM
		{0E99C1D1-7589-4925-AC61-E0B01E625705}.Debug|x64.ActiveCfg = Debug|x64
		{0E99C1D1-7589-4925-AC61-E0B01E625705}.Debug|x64.Build.0 = Debug|x64
		{0E99C1D1-7589-4925-AC61-E0B01E625705}.Debug|x64.Deploy.0 = Debug|x64
		{0E99C1D1-7589-4925-AC61-E0B01E625705}.Debug|x86.ActiveCfg = Debug|x86
		{0E99C1D1-7589-4925-AC61-E0B01E625705}.Debug|x86.Build.0 = Debug|x86
		{0E99C1D1-7589-4925-AC61-E0B01E625705}.Debug|x86.Deploy.0 = Debug|x86
		{0E99C1D1-7589-4925-AC61-E0B01E625705}.Release|Any CPU.ActiveCfg = Release|Any CPU
		{0E99C1D1-7589-4925-AC61-E0B01E625705}.Release|Any CPU.Build.0 = Release|Any CPU
		{0E99C1D1-7589-4925-AC61-E0B01E625705}.Release|Any CPU.Deploy.0 = Release|Any CPU
		{0E99C1D1-7589-4925-AC61-E0B01E625705}.Release|ARM.ActiveCfg = Release|ARM
		{0E99C1D1-7589-4925-AC61-E0B01E625705}.Release|ARM.Build.0 = Release|ARM
		{0E99C1D1-7589-4925-AC61-E0B01E625705}.Release|ARM.Deploy.0 = Release|ARM
		{0E99C1D1-7589-4925-AC61-E0B01E625705}.Release|x64.ActiveCfg = Release|x64
		{0E99C1D1-7589-4925-AC61-E0B01E625705}.Release|x64.Build.0 = Release|x64
		{0E99C1D1-7589-4925-AC61-E0B01E625705}.Release|x64.Deploy.0 = Release|x64
		{0E99C1D1-7589-4925-AC61-E0B01E625705}.Release|x86.ActiveCfg = Release|x86
		{0E99C1D1-7589-4925-AC61-E0B01E625705}.Release|x86.Build.0 = Release|x86
		{0E99C1D1-7589-4925-AC61-E0B01E625705}.Release|x86.Deploy.0 = Release|x86
	EndGlobalSection
	GlobalSection(SolutionProperties) = preSolution
		HideSolutionNode = FALSE
	EndGlobalSection
EndGlobal
